
Microsoft Visual Studio Solution File, Format Version 12.00
# Visual Studio Version 17
VisualStudioVersion = 17.12.35707.178 d17.12
MinimumVisualStudioVersion = 10.0.40219.1
Project("{FAE04EC0-301F-11D3-BF4B-00C04F79EFBC}") = "modul8_103022300126", "modul8_103022300126.csproj", "{F4E49C4F-8E97-4866-8B0B-4DF8B564246E}"
EndProject
Project("{2150E333-8FDC-42A3-9474-1A3956D46DE8}") = "Solution Items", "Solution Items", "{60DB6705-EE0F-4A90-B43F-647F46060F26}"
	ProjectSection(SolutionItems) = preProject
		bank_transfer_config.json = bank_transfer_config.json
	EndProjectSection
EndProject
Global
	GlobalSection(SolutionConfigurationPlatforms) = preSolution
		Debug|Any CPU = Debug|Any CPU
		Release|Any CPU = Release|Any CPU
	EndGlobalSection
	GlobalSection(ProjectConfigurationPlatforms) = postSolution
		{F4E49C4F-8E97-4866-8B0B-4DF8B564246E}.Debug|Any CPU.ActiveCfg = Debug|Any CPU
		{F4E49C4F-8E97-4866-8B0B-4DF8B564246E}.Debug|Any CPU.Build.0 = Debug|Any CPU
		{F4E49C4F-8E97-4866-8B0B-4DF8B564246E}.Release|Any CPU.ActiveCfg = Release|Any CPU
		{F4E49C4F-8E97-4866-8B0B-4DF8B564246E}.Release|Any CPU.Build.0 = Release|Any CPU
	EndGlobalSection
	GlobalSection(SolutionProperties) = preSolution
		HideSolutionNode = FALSE
	EndGlobalSection
EndGlobal
